// !$*UTF8*$!
{
	archiveVersion = 1;
	classes = {
	};
	objectVersion = 51;
	objects = {

/* Begin PBXBuildFile section */
		2F914BB8243DB9AF00FD37C4 /* AppDelegate.swift in Sources */ = {isa = PBXBuildFile; fileRef = 2F914BB7243DB9AF00FD37C4 /* AppDelegate.swift */; };
		2F914BBA243DB9AF00FD37C4 /* SceneDelegate.swift in Sources */ = {isa = PBXBuildFile; fileRef = 2F914BB9243DB9AF00FD37C4 /* SceneDelegate.swift */; };
		2F914BBC243DB9AF00FD37C4 /* ViewController.swift in Sources */ = {isa = PBXBuildFile; fileRef = 2F914BBB243DB9AF00FD37C4 /* ViewController.swift */; };
		2F914BBF243DB9AF00FD37C4 /* Main.storyboard in Resources */ = {isa = PBXBuildFile; fileRef = 2F914BBD243DB9AF00FD37C4 /* Main.storyboard */; };
		2F914BC1243DB9B700FD37C4 /* Assets.xcassets in Resources */ = {isa = PBXBuildFile; fileRef = 2F914BC0243DB9B700FD37C4 /* Assets.xcassets */; };
		2F914BC4243DB9B700FD37C4 /* LaunchScreen.storyboard in Resources */ = {isa = PBXBuildFile; fileRef = 2F914BC2243DB9B700FD37C4 /* LaunchScreen.storyboard */; };
		EF93B8B3CD3D4900794CCB5E /* Pods_Jitsi_Demo.framework in Frameworks */ = {isa = PBXBuildFile; fileRef = 115FA207303B794248027183 /* Pods_Jitsi_Demo.framework */; };
/* End PBXBuildFile section */

/* Begin PBXFileReference section */
		115FA207303B794248027183 /* Pods_Jitsi_Demo.framework */ = {isa = PBXFileReference; explicitFileType = wrapper.framework; includeInIndex = 0; path = Pods_Jitsi_Demo.framework; sourceTree = BUILT_PRODUCTS_DIR; };
		2F914BB4243DB9AF00FD37C4 /* Calling.app */ = {isa = PBXFileReference; explicitFileType = wrapper.application; includeInIndex = 0; path = Calling.app; sourceTree = BUILT_PRODUCTS_DIR; };
		2F914BB7243DB9AF00FD37C4 /* AppDelegate.swift */ = {isa = PBXFileReference; lastKnownFileType = sourcecode.swift; path = AppDelegate.swift; sourceTree = "<group>"; };
		2F914BB9243DB9AF00FD37C4 /* SceneDelegate.swift */ = {isa = PBXFileReference; lastKnownFileType = sourcecode.swift; path = SceneDelegate.swift; sourceTree = "<group>"; };
		2F914BBB243DB9AF00FD37C4 /* ViewController.swift */ = {isa = PBXFileReference; lastKnownFileType = sourcecode.swift; path = ViewController.swift; sourceTree = "<group>"; };
		2F914BBE243DB9AF00FD37C4 /* Base */ = {isa = PBXFileReference; lastKnownFileType = file.storyboard; name = Base; path = Base.lproj/Main.storyboard; sourceTree = "<group>"; };
		2F914BC0243DB9B700FD37C4 /* Assets.xcassets */ = {isa = PBXFileReference; lastKnownFileType = folder.assetcatalog; path = Assets.xcassets; sourceTree = "<group>"; };
		2F914BC3243DB9B700FD37C4 /* Base */ = {isa = PBXFileReference; lastKnownFileType = file.storyboard; name = Base; path = Base.lproj/LaunchScreen.storyboard; sourceTree = "<group>"; };
		2F914BC5243DB9B700FD37C4 /* Info.plist */ = {isa = PBXFileReference; lastKnownFileType = text.plist.xml; path = Info.plist; sourceTree = "<group>"; };
		71BCA098CC8685F44848F83D /* Pods-Jitsi Demo.release.xcconfig */ = {isa = PBXFileReference; includeInIndex = 1; lastKnownFileType = text.xcconfig; name = "Pods-Jitsi Demo.release.xcconfig"; path = "Target Support Files/Pods-Jitsi Demo/Pods-Jitsi Demo.release.xcconfig"; sourceTree = "<group>"; };
		D6CFF21C6D9B5B86E8211AB0 /* Pods-Jitsi Demo.debug.xcconfig */ = {isa = PBXFileReference; includeInIndex = 1; lastKnownFileType = text.xcconfig; name = "Pods-Jitsi Demo.debug.xcconfig"; path = "Target Support Files/Pods-Jitsi Demo/Pods-Jitsi Demo.debug.xcconfig"; sourceTree = "<group>"; };
/* End PBXFileReference section */

/* Begin PBXFrameworksBuildPhase section */
		2F914BB1243DB9AF00FD37C4 /* Frameworks */ = {
			isa = PBXFrameworksBuildPhase;
			buildActionMask = 2147483647;
			files = (
				EF93B8B3CD3D4900794CCB5E /* Pods_Jitsi_Demo.framework in Frameworks */,
			);
			runOnlyForDeploymentPostprocessing = 0;
		};
/* End PBXFrameworksBuildPhase section */

/* Begin PBXGroup section */
		19F73F91DCD8261827083545 /* Frameworks */ = {
			isa = PBXGroup;
			children = (
				115FA207303B794248027183 /* Pods_Jitsi_Demo.framework */,
			);
			name = Frameworks;
			sourceTree = "<group>";
		};
		2068D71698DC6D3F86390E4C /* Pods */ = {
			isa = PBXGroup;
			children = (
				D6CFF21C6D9B5B86E8211AB0 /* Pods-Jitsi Demo.debug.xcconfig */,
				71BCA098CC8685F44848F83D /* Pods-Jitsi Demo.release.xcconfig */,
			);
			path = Pods;
			sourceTree = "<group>";
		};
		2F914BAB243DB9AF00FD37C4 = {
			isa = PBXGroup;
			children = (
				2F914BB6243DB9AF00FD37C4 /* Jitsi Demo */,
				2F914BB5243DB9AF00FD37C4 /* Products */,
				2068D71698DC6D3F86390E4C /* Pods */,
				19F73F91DCD8261827083545 /* Frameworks */,
			);
			sourceTree = "<group>";
		};
		2F914BB5243DB9AF00FD37C4 /* Products */ = {
			isa = PBXGroup;
			children = (
				2F914BB4243DB9AF00FD37C4 /* Calling.app */,
			);
			name = Products;
			sourceTree = "<group>";
		};
		2F914BB6243DB9AF00FD37C4 /* Jitsi Demo */ = {
			isa = PBXGroup;
			children = (
				2F914BB7243DB9AF00FD37C4 /* AppDelegate.swift */,
				2F914BB9243DB9AF00FD37C4 /* SceneDelegate.swift */,
				2F914BBB243DB9AF00FD37C4 /* ViewController.swift */,
				2F914BBD243DB9AF00FD37C4 /* Main.storyboard */,
				2F914BC0243DB9B700FD37C4 /* Assets.xcassets */,
				2F914BC2243DB9B700FD37C4 /* LaunchScreen.storyboard */,
				2F914BC5243DB9B700FD37C4 /* Info.plist */,
			);
			path = "Jitsi Demo";
			sourceTree = "<group>";
		};
/* End PBXGroup section */

/* Begin PBXNativeTarget section */
		2F914BB3243DB9AF00FD37C4 /* Jitsi Demo */ = {
			isa = PBXNativeTarget;
			buildConfigurationList = 2F914BC8243DB9B700FD37C4 /* Build configuration list for PBXNativeTarget "Jitsi Demo" */;
			buildPhases = (
				9027C862356BF12DCBF16C29 /* [CP] Check Pods Manifest.lock */,
				2F914BB0243DB9AF00FD37C4 /* Sources */,
				2F914BB1243DB9AF00FD37C4 /* Frameworks */,
				2F914BB2243DB9AF00FD37C4 /* Resources */,
				8F81FB78ED10DB5054744207 /* [CP] Embed Pods Frameworks */,
			);
			buildRules = (
			);
			dependencies = (
			);
			name = "Jitsi Demo";
			productName = "Jitsi Demo";
			productReference = 2F914BB4243DB9AF00FD37C4 /* Calling.app */;
			productType = "com.apple.product-type.application";
		};
/* End PBXNativeTarget section */

/* Begin PBXProject section */
		2F914BAC243DB9AF00FD37C4 /* Project object */ = {
			isa = PBXProject;
			attributes = {
				LastSwiftUpdateCheck = 1130;
				LastUpgradeCheck = 1130;
				ORGANIZATIONNAME = "Rahul Chopra";
				TargetAttributes = {
					2F914BB3243DB9AF00FD37C4 = {
						CreatedOnToolsVersion = 11.3;
					};
				};
			};
			buildConfigurationList = 2F914BAF243DB9AF00FD37C4 /* Build configuration list for PBXProject "Jitsi Demo" */;
			compatibilityVersion = "Xcode 9.3";
			developmentRegion = en;
			hasScannedForEncodings = 0;
			knownRegions = (
				en,
				Base,
			);
			mainGroup = 2F914BAB243DB9AF00FD37C4;
			productRefGroup = 2F914BB5243DB9AF00FD37C4 /* Products */;
			projectDirPath = "";
			projectRoot = "";
			targets = (
				2F914BB3243DB9AF00FD37C4 /* Jitsi Demo */,
			);
		};
/* End PBXProject section */

/* Begin PBXResourcesBuildPhase section */
		2F914BB2243DB9AF00FD37C4 /* Resources */ = {
			isa = PBXResourcesBuildPhase;
			buildActionMask = 2147483647;
			files = (
				2F914BC4243DB9B700FD37C4 /* LaunchScreen.storyboard in Resources */,
				2F914BC1243DB9B700FD37C4 /* Assets.xcassets in Resources */,
				2F914BBF243DB9AF00FD37C4 /* Main.storyboard in Resources */,
			);
			runOnlyForDeploymentPostprocessing = 0;
		};
/* End PBXResourcesBuildPhase section */

/* Begin PBXShellScriptBuildPhase section */
		8F81FB78ED10DB5054744207 /* [CP] Embed Pods Frameworks */ = {
			isa = PBXShellScriptBuildPhase;
			buildActionMask = 2147483647;
			files = (
			);
			inputFileListPaths = (
				"${PODS_ROOT}/Target Support Files/Pods-Jitsi Demo/Pods-Jitsi Demo-frameworks-${CONFIGURATION}-input-files.xcfilelist",
			);
			name = "[CP] Embed Pods Frameworks";
			outputFileListPaths = (
				"${PODS_ROOT}/Target Support Files/Pods-Jitsi Demo/Pods-Jitsi Demo-frameworks-${CONFIGURATION}-output-files.xcfilelist",
			);
			runOnlyForDeploymentPostprocessing = 0;
			shellPath = /bin/sh;
			shellScript = "\"${PODS_ROOT}/Target Support Files/Pods-Jitsi Demo/Pods-Jitsi Demo-frameworks.sh\"\n";
			showEnvVarsInLog = 0;
		};
		9027C862356BF12DCBF16C29 /* [CP] Check Pods Manifest.lock */ = {
			isa = PBXShellScriptBuildPhase;
			buildActionMask = 2147483647;
			files = (
			);
			inputFileListPaths = (
			);
			inputPaths = (
				"${PODS_PODFILE_DIR_PATH}/Podfile.lock",
				"${PODS_ROOT}/Manifest.lock",
			);
			name = "[CP] Check Pods Manifest.lock";
			outputFileListPaths = (
			);
			outputPaths = (
				"$(DERIVED_FILE_DIR)/Pods-Jitsi Demo-checkManifestLockResult.txt",
			);
			runOnlyForDeploymentPostprocessing = 0;
			shellPath = /bin/sh;
			shellScript = "diff \"${PODS_PODFILE_DIR_PATH}/Podfile.lock\" \"${PODS_ROOT}/Manifest.lock\" > /dev/null\nif [ $? != 0 ] ; then\n    # print error to STDERR\n    echo \"error: The sandbox is not in sync with the Podfile.lock. Run 'pod install' or update your CocoaPods installation.\" >&2\n    exit 1\nfi\n# This output is used by Xcode 'outputs' to avoid re-running this script phase.\necho \"SUCCESS\" > \"${SCRIPT_OUTPUT_FILE_0}\"\n";
			showEnvVarsInLog = 0;
		};
/* End PBXShellScriptBuildPhase section */

/* Begin PBXSourcesBuildPhase section */
		2F914BB0243DB9AF00FD37C4 /* Sources */ = {
			isa = PBXSourcesBuildPhase;
			buildActionMask = 2147483647;
			files = (
				2F914BBC243DB9AF00FD37C4 /* ViewController.swift in Sources */,
				2F914BB8243DB9AF00FD37C4 /* AppDelegate.swift in Sources */,
				2F914BBA243DB9AF00FD37C4 /* SceneDelegate.swift in Sources */,
			);
			runOnlyForDeploymentPostprocessing = 0;
		};
/* End PBXSourcesBuildPhase section */

/* Begin PBXVariantGroup section */
		2F914BBD243DB9AF00FD37C4 /* Main.storyboard */ = {
			isa = PBXVariantGroup;
			children = (
				2F914BBE243DB9AF00FD37C4 /* Base */,
			);
			name = Main.storyboard;
			sourceTree = "<group>";
		};
		2F914BC2243DB9B700FD37C4 /* LaunchScreen.storyboard */ = {
			isa = PBXVariantGroup;
			children = (
				2F914BC3243DB9B700FD37C4 /* Base */,
			);
			name = LaunchScreen.storyboard;
			sourceTree = "<group>";
		};
/* End PBXVariantGroup section */

/* Begin XCBuildConfiguration section */
		2F914BC6243DB9B700FD37C4 /* Debug */ = {
			isa = XCBuildConfiguration;
			buildSettings = {
				ALWAYS_SEARCH_USER_PATHS = NO;
				CLANG_ANALYZER_NONNULL = YES;
				CLANG_ANALYZER_NUMBER_OBJECT_CONVERSION = YES_AGGRESSIVE;
				CLANG_CXX_LANGUAGE_STANDARD = "gnu++14";
				CLANG_CXX_LIBRARY = "libc++";
				CLANG_ENABLE_MODULES = YES;
				CLANG_ENABLE_OBJC_ARC = YES;
				CLANG_ENABLE_OBJC_WEAK = YES;
				CLANG_WARN_BLOCK_CAPTURE_AUTORELEASING = YES;
				CLANG_WARN_BOOL_CONVERSION = YES;
				CLANG_WARN_COMMA = YES;
				CLANG_WARN_CONSTANT_CONVERSION = YES;
				CLANG_WARN_DEPRECATED_OBJC_IMPLEMENTATIONS = YES;
				CLANG_WARN_DIRECT_OBJC_ISA_USAGE = YES_ERROR;
				CLANG_WARN_DOCUMENTATION_COMMENTS = YES;
				CLANG_WARN_EMPTY_BODY = YES;
				CLANG_WARN_ENUM_CONVERSION = YES;
				CLANG_WARN_INFINITE_RECURSION = YES;
				CLANG_WARN_INT_CONVERSION = YES;
				CLANG_WARN_NON_LITERAL_NULL_CONVERSION = YES;
				CLANG_WARN_OBJC_IMPLICIT_RETAIN_SELF = YES;
				CLANG_WARN_OBJC_LITERAL_CONVERSION = YES;
				CLANG_WARN_OBJC_ROOT_CLASS = YES_ERROR;
				CLANG_WARN_RANGE_LOOP_ANALYSIS = YES;
				CLANG_WARN_STRICT_PROTOTYPES = YES;
				CLANG_WARN_SUSPICIOUS_MOVE = YES;
				CLANG_WARN_UNGUARDED_AVAILABILITY = YES_AGGRESSIVE;
				CLANG_WARN_UNREACHABLE_CODE = YES;
				CLANG_WARN__DUPLICATE_METHOD_MATCH = YES;
				COPY_PHASE_STRIP = NO;
				DEBUG_INFORMATION_FORMAT = dwarf;
				ENABLE_STRICT_OBJC_MSGSEND = YES;
				ENABLE_TESTABILITY = YES;
				GCC_C_LANGUAGE_STANDARD = gnu11;
				GCC_DYNAMIC_NO_PIC = NO;
				GCC_NO_COMMON_BLOCKS = YES;
				GCC_OPTIMIZATION_LEVEL = 0;
				GCC_PREPROCESSOR_DEFINITIONS = (
					"DEBUG=1",
					"$(inherited)",
				);
				GCC_WARN_64_TO_32_BIT_CONVERSION = YES;
				GCC_WARN_ABOUT_RETURN_TYPE = YES_ERROR;
				GCC_WARN_UNDECLARED_SELECTOR = YES;
				GCC_WARN_UNINITIALIZED_AUTOS = YES_AGGRESSIVE;
				GCC_WARN_UNUSED_FUNCTION = YES;
				GCC_WARN_UNUSED_VARIABLE = YES;
				IPHONEOS_DEPLOYMENT_TARGET = 13.2;
				MTL_ENABLE_DEBUG_INFO = INCLUDE_SOURCE;
				MTL_FAST_MATH = YES;
				ONLY_ACTIVE_ARCH = YES;
				SDKROOT = iphoneos;
				SWIFT_ACTIVE_COMPILATION_CONDITIONS = DEBUG;
				SWIFT_OPTIMIZATION_LEVEL = "-Onone";
			};
			name = Debug;
		};
		2F914BC7243DB9B700FD37C4 /* Release */ = {
			isa = XCBuildConfiguration;
			buildSettings = {
				ALWAYS_SEARCH_USER_PATHS = NO;
				CLANG_ANALYZER_NONNULL = YES;
				CLANG_ANALYZER_NUMBER_OBJECT_CONVERSION = YES_AGGRESSIVE;
				CLANG_CXX_LANGUAGE_STANDARD = "gnu++14";
				CLANG_CXX_LIBRARY = "libc++";
				CLANG_ENABLE_MODULES = YES;
				CLANG_ENABLE_OBJC_ARC = YES;
				CLANG_ENABLE_OBJC_WEAK = YES;
				CLANG_WARN_BLOCK_CAPTURE_AUTORELEASING = YES;
				CLANG_WARN_BOOL_CONVERSION = YES;
				CLANG_WARN_COMMA = YES;
				CLANG_WARN_CONSTANT_CONVERSION = YES;
				CLANG_WARN_DEPRECATED_OBJC_IMPLEMENTATIONS = YES;
				CLANG_WARN_DIRECT_OBJC_ISA_USAGE = YES_ERROR;
				CLANG_WARN_DOCUMENTATION_COMMENTS = YES;
				CLANG_WARN_EMPTY_BODY = YES;
				CLANG_WARN_ENUM_CONVERSION = YES;
				CLANG_WARN_INFINITE_RECURSION = YES;
				CLANG_WARN_INT_CONVERSION = YES;
				CLANG_WARN_NON_LITERAL_NULL_CONVERSION = YES;
				CLANG_WARN_OBJC_IMPLICIT_RETAIN_SELF = YES;
				CLANG_WARN_OBJC_LITERAL_CONVERSION = YES;
				CLANG_WARN_OBJC_ROOT_CLASS = YES_ERROR;
				CLANG_WARN_RANGE_LOOP_ANALYSIS = YES;
				CLANG_WARN_STRICT_PROTOTYPES = YES;
				CLANG_WARN_SUSPICIOUS_MOVE = YES;
				CLANG_WARN_UNGUARDED_AVAILABILITY = YES_AGGRESSIVE;
				CLANG_WARN_UNREACHABLE_CODE = YES;
				CLANG_WARN__DUPLICATE_METHOD_MATCH = YES;
				COPY_PHASE_STRIP = NO;
				DEBUG_INFORMATION_FORMAT = "dwarf-with-dsym";
				ENABLE_NS_ASSERTIONS = NO;
				ENABLE_STRICT_OBJC_MSGSEND = YES;
				GCC_C_LANGUAGE_STANDARD = gnu11;
				GCC_NO_COMMON_BLOCKS = YES;
				GCC_WARN_64_TO_32_BIT_CONVERSION = YES;
				GCC_WARN_ABOUT_RETURN_TYPE = YES_ERROR;
				GCC_WARN_UNDECLARED_SELECTOR = YES;
				GCC_WARN_UNINITIALIZED_AUTOS = YES_AGGRESSIVE;
				GCC_WARN_UNUSED_FUNCTION = YES;
				GCC_WARN_UNUSED_VARIABLE = YES;
				IPHONEOS_DEPLOYMENT_TARGET = 13.2;
				MTL_ENABLE_DEBUG_INFO = NO;
				MTL_FAST_MATH = YES;
				SDKROOT = iphoneos;
				SWIFT_COMPILATION_MODE = wholemodule;
				SWIFT_OPTIMIZATION_LEVEL = "-O";
				VALIDATE_PRODUCT = YES;
			};
			name = Release;
		};
		2F914BC9243DB9B700FD37C4 /* Debug */ = {
			isa = XCBuildConfiguration;
			baseConfigurationReference = D6CFF21C6D9B5B86E8211AB0 /* Pods-Jitsi Demo.debug.xcconfig */;
			buildSettings = {
				ASSETCATALOG_COMPILER_APPICON_NAME = AppIcon;
				CODE_SIGN_IDENTITY = "iPhone Distribution";
				CODE_SIGN_STYLE = Manual;
				DEVELOPMENT_TEAM = YCDDLU6XMN;
				ENABLE_BITCODE = NO;
				INFOPLIST_FILE = "Jitsi Demo/Info.plist";
				IPHONEOS_DEPLOYMENT_TARGET = 13.0;
				LD_RUNPATH_SEARCH_PATHS = (
					"$(inherited)",
					"@executable_path/Frameworks",
				);
				PRODUCT_BUNDLE_IDENTIFIER = com.lugga;
				PRODUCT_NAME = Calling;
				PROVISIONING_PROFILE_SPECIFIER = Adhoc_Lugga;
				SWIFT_VERSION = 5.0;
				TARGETED_DEVICE_FAMILY = "1,2";
			};
			name = Debug;
		};
		2F914BCA243DB9B700FD37C4 /* Release */ = {
			isa = XCBuildConfiguration;
			baseConfigurationReference = 71BCA098CC8685F44848F83D /* Pods-Jitsi Demo.release.xcconfig */;
			buildSettings = {
				ASSETCATALOG_COMPILER_APPICON_NAME = AppIcon;
				CODE_SIGN_IDENTITY = "iPhone Distribution";
				CODE_SIGN_STYLE = Manual;
				DEVELOPMENT_TEAM = YCDDLU6XMN;
				ENABLE_BITCODE = NO;
				INFOPLIST_FILE = "Jitsi Demo/Info.plist";
				IPHONEOS_DEPLOYMENT_TARGET = 13.0;
				LD_RUNPATH_SEARCH_PATHS = (
					"$(inherited)",
					"@executable_path/Frameworks",
				);
				PRODUCT_BUNDLE_IDENTIFIER = com.lugga;
				PRODUCT_NAME = Calling;
				PROVISIONING_PROFILE_SPECIFIER = Adhoc_Lugga;
				SWIFT_VERSION = 5.0;
				TARGETED_DEVICE_FAMILY = "1,2";
			};
			name = Release;
		};
/* End XCBuildConfiguration section */

/* Begin XCConfigurationList section */
		2F914BAF243DB9AF00FD37C4 /* Build configuration list for PBXProject "Jitsi Demo" */ = {
			isa = XCConfigurationList;
			buildConfigurations = (
				2F914BC6243DB9B700FD37C4 /* Debug */,
				2F914BC7243DB9B700FD37C4 /* Release */,
			);
			defaultConfigurationIsVisible = 0;
			defaultConfigurationName = Release;
		};
		2F914BC8243DB9B700FD37C4 /* Build configuration list for PBXNativeTarget "Jitsi Demo" */ = {
			isa = XCConfigurationList;
			buildConfigurations = (
				2F914BC9243DB9B700FD37C4 /* Debug */,
				2F914BCA243DB9B700FD37C4 /* Release */,
			);
			defaultConfigurationIsVisible = 0;
			defaultConfigurationName = Release;
		};
/* End XCConfigurationList section */
	};
	rootObject = 2F914BAC243DB9AF00FD37C4 /* Project object */;
}
